
Microsoft Visual Studio Solution File, Format Version 12.00
# Visual Studio Version 17
VisualStudioVersion = 17.7.34031.279
MinimumVisualStudioVersion = 10.0.40219.1
Project("{9A19103F-16F7-4668-BE54-9A1E7A4F7556}") = "BirdCageShop.Presentation", "BirdCageShop\BirdCageShop.Presentation.csproj", "{2E69755D-3DE1-4B15-A47D-608B6CACB1CD}"
EndProject
Project("{FAE04EC0-301F-11D3-BF4B-00C04F79EFBC}") = "BirdCageShop.DataAccess", "BirdCageShop.DataAccess\BirdCageShop.DataAccess.csproj", "{35905BC2-F17F-47D5-A35D-A5DB89709BBC}"
EndProject
Project("{FAE04EC0-301F-11D3-BF4B-00C04F79EFBC}") = "BirdCageShop.BusinessLogic", "BirdCageShop.BusinessLogic\BirdCageShop.BusinessLogic.csproj", "{47AE6AB8-5284-4A29-8B9A-0F1585B8E991}"
EndProject
Global
	GlobalSection(SolutionConfigurationPlatforms) = preSolution
		Debug|Any CPU = Debug|Any CPU
		Release|Any CPU = Release|Any CPU
	EndGlobalSection
	GlobalSection(ProjectConfigurationPlatforms) = postSolution
		{2E69755D-3DE1-4B15-A47D-608B6CACB1CD}.Debug|Any CPU.ActiveCfg = Debug|Any CPU
		{2E69755D-3DE1-4B15-A47D-608B6CACB1CD}.Debug|Any CPU.Build.0 = Debug|Any CPU
		{2E69755D-3DE1-4B15-A47D-608B6CACB1CD}.Release|Any CPU.ActiveCfg = Release|Any CPU
		{2E69755D-3DE1-4B15-A47D-608B6CACB1CD}.Release|Any CPU.Build.0 = Release|Any CPU
		{35905BC2-F17F-47D5-A35D-A5DB89709BBC}.Debug|Any CPU.ActiveCfg = Debug|Any CPU
		{35905BC2-F17F-47D5-A35D-A5DB89709BBC}.Debug|Any CPU.Build.0 = Debug|Any CPU
		{35905BC2-F17F-47D5-A35D-A5DB89709BBC}.Release|Any CPU.ActiveCfg = Release|Any CPU
		{35905BC2-F17F-47D5-A35D-A5DB89709BBC}.Release|Any CPU.Build.0 = Release|Any CPU
		{47AE6AB8-5284-4A29-8B9A-0F1585B8E991}.Debug|Any CPU.ActiveCfg = Debug|Any CPU
		{47AE6AB8-5284-4A29-8B9A-0F1585B8E991}.Debug|Any CPU.Build.0 = Debug|Any CPU
		{47AE6AB8-5284-4A29-8B9A-0F1585B8E991}.Release|Any CPU.ActiveCfg = Release|Any CPU
		{47AE6AB8-5284-4A29-8B9A-0F1585B8E991}.Release|Any CPU.Build.0 = Release|Any CPU
	EndGlobalSection
	GlobalSection(SolutionProperties) = preSolution
		HideSolutionNode = FALSE
	EndGlobalSection
	GlobalSection(ExtensibilityGlobals) = postSolution
		SolutionGuid = {4777CE9E-E20C-45E4-8A1D-23F589ED3864}
	EndGlobalSection
EndGlobal
